
Microsoft Visual Studio Solution File, Format Version 12.00
# Visual Studio Version 17
VisualStudioVersion = 17.13.35825.156
MinimumVisualStudioVersion = 10.0.40219.1
Project("{FAE04EC0-301F-11D3-BF4B-00C04F79EFBC}") = "HangmanClient", "HangmanClient\HangmanClient.csproj", "{754908CD-1A2C-4D10-9D70-96AA2093117A}"
EndProject
Global
	GlobalSection(SolutionConfigurationPlatforms) = preSolution
		Debug|Any CPU = Debug|Any CPU
		Release|Any CPU = Release|Any CPU
	EndGlobalSection
	GlobalSection(ProjectConfigurationPlatforms) = postSolution
		{754908CD-1A2C-4D10-9D70-96AA2093117A}.Debug|Any CPU.ActiveCfg = Debug|Any CPU
		{754908CD-1A2C-4D10-9D70-96AA2093117A}.Debug|Any CPU.Build.0 = Debug|Any CPU
		{754908CD-1A2C-4D10-9D70-96AA2093117A}.Release|Any CPU.ActiveCfg = Release|Any CPU
		{754908CD-1A2C-4D10-9D70-96AA2093117A}.Release|Any CPU.Build.0 = Release|Any CPU
	EndGlobalSection
	GlobalSection(SolutionProperties) = preSolution
		HideSolutionNode = FALSE
	EndGlobalSection
	GlobalSection(ExtensibilityGlobals) = postSolution
		RESX_CultureCountyOverrides = es=es-MX
		RESX_PrefixTranslations = False
		SolutionGuid = {B8A5A53B-7656-4A04-865D-004385958147}
	EndGlobalSection
EndGlobal
